// !$*UTF8*$!
{
	archiveVersion = 1;
	classes = {
	};
	objectVersion = 50;
	objects = {

/* Begin PBXBuildFile section */
		74B708662837871B00F098D6 /* AppDelegate.swift in Sources */ = {isa = PBXBuildFile; fileRef = 74B708652837871B00F098D6 /* AppDelegate.swift */; };
		74B7086A2837871B00F098D6 /* TodoListViewContrtoller.swift in Sources */ = {isa = PBXBuildFile; fileRef = 74B708692837871B00F098D6 /* TodoListViewContrtoller.swift */; };
		74B7086F2837871E00F098D6 /* Assets.xcassets in Resources */ = {isa = PBXBuildFile; fileRef = 74B7086E2837871E00F098D6 /* Assets.xcassets */; };
		74B7087D2837922C00F098D6 /* Task.swift in Sources */ = {isa = PBXBuildFile; fileRef = 74B7087C2837922C00F098D6 /* Task.swift */; };
		74B708802837928300F098D6 /* TaskTableViewCell.swift in Sources */ = {isa = PBXBuildFile; fileRef = 74B7087F2837928300F098D6 /* TaskTableViewCell.swift */; };
		74B708822837AD2200F098D6 /* StorageManager.swift in Sources */ = {isa = PBXBuildFile; fileRef = 74B708812837AD2200F098D6 /* StorageManager.swift */; };
/* End PBXBuildFile section */

/* Begin PBXFileReference section */
		74B708622837871B00F098D6 /* TodoList(Homeowork15).app */ = {isa = PBXFileReference; explicitFileType = wrapper.application; includeInIndex = 0; path = "TodoList(Homeowork15).app"; sourceTree = BUILT_PRODUCTS_DIR; };
		74B708652837871B00F098D6 /* AppDelegate.swift */ = {isa = PBXFileReference; lastKnownFileType = sourcecode.swift; path = AppDelegate.swift; sourceTree = "<group>"; };
		74B708692837871B00F098D6 /* TodoListViewContrtoller.swift */ = {isa = PBXFileReference; lastKnownFileType = sourcecode.swift; path = TodoListViewContrtoller.swift; sourceTree = "<group>"; };
		74B7086E2837871E00F098D6 /* Assets.xcassets */ = {isa = PBXFileReference; lastKnownFileType = folder.assetcatalog; path = Assets.xcassets; sourceTree = "<group>"; };
		74B708732837871E00F098D6 /* Info.plist */ = {isa = PBXFileReference; lastKnownFileType = text.plist.xml; path = Info.plist; sourceTree = "<group>"; };
		74B7087C2837922C00F098D6 /* Task.swift */ = {isa = PBXFileReference; lastKnownFileType = sourcecode.swift; path = Task.swift; sourceTree = "<group>"; };
		74B7087F2837928300F098D6 /* TaskTableViewCell.swift */ = {isa = PBXFileReference; lastKnownFileType = sourcecode.swift; path = TaskTableViewCell.swift; sourceTree = "<group>"; };
		74B708812837AD2200F098D6 /* StorageManager.swift */ = {isa = PBXFileReference; lastKnownFileType = sourcecode.swift; path = StorageManager.swift; sourceTree = "<group>"; };
/* End PBXFileReference section */

/* Begin PBXFrameworksBuildPhase section */
		74B7085F2837871B00F098D6 /* Frameworks */ = {
			isa = PBXFrameworksBuildPhase;
			buildActionMask = 2147483647;
			files = (
			);
			runOnlyForDeploymentPostprocessing = 0;
		};
/* End PBXFrameworksBuildPhase section */

/* Begin PBXGroup section */
		74B708592837871B00F098D6 = {
			isa = PBXGroup;
			children = (
				74B708642837871B00F098D6 /* TodoList(Homeowork15) */,
				74B708632837871B00F098D6 /* Products */,
			);
			sourceTree = "<group>";
		};
		74B708632837871B00F098D6 /* Products */ = {
			isa = PBXGroup;
			children = (
				74B708622837871B00F098D6 /* TodoList(Homeowork15).app */,
			);
			name = Products;
			sourceTree = "<group>";
		};
		74B708642837871B00F098D6 /* TodoList(Homeowork15) */ = {
			isa = PBXGroup;
			children = (
				74B7087A283787A000F098D6 /* Controllers */,
				74B7087E2837926B00F098D6 /* Views */,
				74B70885283814FE00F098D6 /* Services */,
				74B7087B2837921B00F098D6 /* Model */,
				74B708792837875F00F098D6 /* Supporting Files */,
			);
			path = "TodoList(Homeowork15)";
			sourceTree = "<group>";
		};
		74B708792837875F00F098D6 /* Supporting Files */ = {
			isa = PBXGroup;
			children = (
				74B708652837871B00F098D6 /* AppDelegate.swift */,
				74B7086E2837871E00F098D6 /* Assets.xcassets */,
				74B708732837871E00F098D6 /* Info.plist */,
			);
			path = "Supporting Files";
			sourceTree = "<group>";
		};
		74B7087A283787A000F098D6 /* Controllers */ = {
			isa = PBXGroup;
			children = (
				74B708692837871B00F098D6 /* TodoListViewContrtoller.swift */,
			);
			path = Controllers;
			sourceTree = "<group>";
		};
		74B7087B2837921B00F098D6 /* Model */ = {
			isa = PBXGroup;
			children = (
				74B7087C2837922C00F098D6 /* Task.swift */,
			);
			path = Model;
			sourceTree = "<group>";
		};
		74B7087E2837926B00F098D6 /* Views */ = {
			isa = PBXGroup;
			children = (
				74B7087F2837928300F098D6 /* TaskTableViewCell.swift */,
			);
			path = Views;
			sourceTree = "<group>";
		};
		74B70885283814FE00F098D6 /* Services */ = {
			isa = PBXGroup;
			children = (
				74B708812837AD2200F098D6 /* StorageManager.swift */,
			);
			path = Services;
			sourceTree = "<group>";
		};
/* End PBXGroup section */

/* Begin PBXNativeTarget section */
		74B708612837871B00F098D6 /* TodoList(Homeowork15) */ = {
			isa = PBXNativeTarget;
			buildConfigurationList = 74B708762837871E00F098D6 /* Build configuration list for PBXNativeTarget "TodoList(Homeowork15)" */;
			buildPhases = (
				74B7085E2837871B00F098D6 /* Sources */,
				74B7085F2837871B00F098D6 /* Frameworks */,
				74B708602837871B00F098D6 /* Resources */,
			);
			buildRules = (
			);
			dependencies = (
			);
			name = "TodoList(Homeowork15)";
			productName = "TodoList(Homeowork15)";
			productReference = 74B708622837871B00F098D6 /* TodoList(Homeowork15).app */;
			productType = "com.apple.product-type.application";
		};
/* End PBXNativeTarget section */

/* Begin PBXProject section */
		74B7085A2837871B00F098D6 /* Project object */ = {
			isa = PBXProject;
			attributes = {
				LastSwiftUpdateCheck = 1250;
				LastUpgradeCheck = 1250;
				TargetAttributes = {
					74B708612837871B00F098D6 = {
						CreatedOnToolsVersion = 12.5.1;
					};
				};
			};
			buildConfigurationList = 74B7085D2837871B00F098D6 /* Build configuration list for PBXProject "TodoList(Homeowork15)" */;
			compatibilityVersion = "Xcode 9.3";
			developmentRegion = en;
			hasScannedForEncodings = 0;
			knownRegions = (
				en,
				Base,
			);
			mainGroup = 74B708592837871B00F098D6;
			productRefGroup = 74B708632837871B00F098D6 /* Products */;
			projectDirPath = "";
			projectRoot = "";
			targets = (
				74B708612837871B00F098D6 /* TodoList(Homeowork15) */,
			);
		};
/* End PBXProject section */

/* Begin PBXResourcesBuildPhase section */
		74B708602837871B00F098D6 /* Resources */ = {
			isa = PBXResourcesBuildPhase;
			buildActionMask = 2147483647;
			files = (
				74B7086F2837871E00F098D6 /* Assets.xcassets in Resources */,
			);
			runOnlyForDeploymentPostprocessing = 0;
		};
/* End PBXResourcesBuildPhase section */

/* Begin PBXSourcesBuildPhase section */
		74B7085E2837871B00F098D6 /* Sources */ = {
			isa = PBXSourcesBuildPhase;
			buildActionMask = 2147483647;
			files = (
				74B708802837928300F098D6 /* TaskTableViewCell.swift in Sources */,
				74B7086A2837871B00F098D6 /* TodoListViewContrtoller.swift in Sources */,
				74B708822837AD2200F098D6 /* StorageManager.swift in Sources */,
				74B7087D2837922C00F098D6 /* Task.swift in Sources */,
				74B708662837871B00F098D6 /* AppDelegate.swift in Sources */,
			);
			runOnlyForDeploymentPostprocessing = 0;
		};
/* End PBXSourcesBuildPhase section */

/* Begin XCBuildConfiguration section */
		74B708742837871E00F098D6 /* Debug */ = {
			isa = XCBuildConfiguration;
			buildSettings = {
				ALWAYS_SEARCH_USER_PATHS = NO;
				CLANG_ANALYZER_NONNULL = YES;
				CLANG_ANALYZER_NUMBER_OBJECT_CONVERSION = YES_AGGRESSIVE;
				CLANG_CXX_LANGUAGE_STANDARD = "gnu++14";
				CLANG_CXX_LIBRARY = "libc++";
				CLANG_ENABLE_MODULES = YES;
				CLANG_ENABLE_OBJC_ARC = YES;
				CLANG_ENABLE_OBJC_WEAK = YES;
				CLANG_WARN_BLOCK_CAPTURE_AUTORELEASING = YES;
				CLANG_WARN_BOOL_CONVERSION = YES;
				CLANG_WARN_COMMA = YES;
				CLANG_WARN_CONSTANT_CONVERSION = YES;
				CLANG_WARN_DEPRECATED_OBJC_IMPLEMENTATIONS = YES;
				CLANG_WARN_DIRECT_OBJC_ISA_USAGE = YES_ERROR;
				CLANG_WARN_DOCUMENTATION_COMMENTS = YES;
				CLANG_WARN_EMPTY_BODY = YES;
				CLANG_WARN_ENUM_CONVERSION = YES;
				CLANG_WARN_INFINITE_RECURSION = YES;
				CLANG_WARN_INT_CONVERSION = YES;
				CLANG_WARN_NON_LITERAL_NULL_CONVERSION = YES;
				CLANG_WARN_OBJC_IMPLICIT_RETAIN_SELF = YES;
				CLANG_WARN_OBJC_LITERAL_CONVERSION = YES;
				CLANG_WARN_OBJC_ROOT_CLASS = YES_ERROR;
				CLANG_WARN_QUOTED_INCLUDE_IN_FRAMEWORK_HEADER = YES;
				CLANG_WARN_RANGE_LOOP_ANALYSIS = YES;
				CLANG_WARN_STRICT_PROTOTYPES = YES;
				CLANG_WARN_SUSPICIOUS_MOVE = YES;
				CLANG_WARN_UNGUARDED_AVAILABILITY = YES_AGGRESSIVE;
				CLANG_WARN_UNREACHABLE_CODE = YES;
				CLANG_WARN__DUPLICATE_METHOD_MATCH = YES;
				COPY_PHASE_STRIP = NO;
				DEBUG_INFORMATION_FORMAT = dwarf;
				ENABLE_STRICT_OBJC_MSGSEND = YES;
				ENABLE_TESTABILITY = YES;
				GCC_C_LANGUAGE_STANDARD = gnu11;
				GCC_DYNAMIC_NO_PIC = NO;
				GCC_NO_COMMON_BLOCKS = YES;
				GCC_OPTIMIZATION_LEVEL = 0;
				GCC_PREPROCESSOR_DEFINITIONS = (
					"DEBUG=1",
					"$(inherited)",
				);
				GCC_WARN_64_TO_32_BIT_CONVERSION = YES;
				GCC_WARN_ABOUT_RETURN_TYPE = YES_ERROR;
				GCC_WARN_UNDECLARED_SELECTOR = YES;
				GCC_WARN_UNINITIALIZED_AUTOS = YES_AGGRESSIVE;
				GCC_WARN_UNUSED_FUNCTION = YES;
				GCC_WARN_UNUSED_VARIABLE = YES;
				IPHONEOS_DEPLOYMENT_TARGET = 14.5;
				MTL_ENABLE_DEBUG_INFO = INCLUDE_SOURCE;
				MTL_FAST_MATH = YES;
				ONLY_ACTIVE_ARCH = YES;
				SDKROOT = iphoneos;
				SWIFT_ACTIVE_COMPILATION_CONDITIONS = DEBUG;
				SWIFT_OPTIMIZATION_LEVEL = "-Onone";
			};
			name = Debug;
		};
		74B708752837871E00F098D6 /* Release */ = {
			isa = XCBuildConfiguration;
			buildSettings = {
				ALWAYS_SEARCH_USER_PATHS = NO;
				CLANG_ANALYZER_NONNULL = YES;
				CLANG_ANALYZER_NUMBER_OBJECT_CONVERSION = YES_AGGRESSIVE;
				CLANG_CXX_LANGUAGE_STANDARD = "gnu++14";
				CLANG_CXX_LIBRARY = "libc++";
				CLANG_ENABLE_MODULES = YES;
				CLANG_ENABLE_OBJC_ARC = YES;
				CLANG_ENABLE_OBJC_WEAK = YES;
				CLANG_WARN_BLOCK_CAPTURE_AUTORELEASING = YES;
				CLANG_WARN_BOOL_CONVERSION = YES;
				CLANG_WARN_COMMA = YES;
				CLANG_WARN_CONSTANT_CONVERSION = YES;
				CLANG_WARN_DEPRECATED_OBJC_IMPLEMENTATIONS = YES;
				CLANG_WARN_DIRECT_OBJC_ISA_USAGE = YES_ERROR;
				CLANG_WARN_DOCUMENTATION_COMMENTS = YES;
				CLANG_WARN_EMPTY_BODY = YES;
				CLANG_WARN_ENUM_CONVERSION = YES;
				CLANG_WARN_INFINITE_RECURSION = YES;
				CLANG_WARN_INT_CONVERSION = YES;
				CLANG_WARN_NON_LITERAL_NULL_CONVERSION = YES;
				CLANG_WARN_OBJC_IMPLICIT_RETAIN_SELF = YES;
				CLANG_WARN_OBJC_LITERAL_CONVERSION = YES;
				CLANG_WARN_OBJC_ROOT_CLASS = YES_ERROR;
				CLANG_WARN_QUOTED_INCLUDE_IN_FRAMEWORK_HEADER = YES;
				CLANG_WARN_RANGE_LOOP_ANALYSIS = YES;
				CLANG_WARN_STRICT_PROTOTYPES = YES;
				CLANG_WARN_SUSPICIOUS_MOVE = YES;
				CLANG_WARN_UNGUARDED_AVAILABILITY = YES_AGGRESSIVE;
				CLANG_WARN_UNREACHABLE_CODE = YES;
				CLANG_WARN__DUPLICATE_METHOD_MATCH = YES;
				COPY_PHASE_STRIP = NO;
				DEBUG_INFORMATION_FORMAT = "dwarf-with-dsym";
				ENABLE_NS_ASSERTIONS = NO;
				ENABLE_STRICT_OBJC_MSGSEND = YES;
				GCC_C_LANGUAGE_STANDARD = gnu11;
				GCC_NO_COMMON_BLOCKS = YES;
				GCC_WARN_64_TO_32_BIT_CONVERSION = YES;
				GCC_WARN_ABOUT_RETURN_TYPE = YES_ERROR;
				GCC_WARN_UNDECLARED_SELECTOR = YES;
				GCC_WARN_UNINITIALIZED_AUTOS = YES_AGGRESSIVE;
				GCC_WARN_UNUSED_FUNCTION = YES;
				GCC_WARN_UNUSED_VARIABLE = YES;
				IPHONEOS_DEPLOYMENT_TARGET = 14.5;
				MTL_ENABLE_DEBUG_INFO = NO;
				MTL_FAST_MATH = YES;
				SDKROOT = iphoneos;
				SWIFT_COMPILATION_MODE = wholemodule;
				SWIFT_OPTIMIZATION_LEVEL = "-O";
				VALIDATE_PRODUCT = YES;
			};
			name = Release;
		};
		74B708772837871E00F098D6 /* Debug */ = {
			isa = XCBuildConfiguration;
			buildSettings = {
				ASSETCATALOG_COMPILER_APPICON_NAME = AppIcon;
				ASSETCATALOG_COMPILER_GLOBAL_ACCENT_COLOR_NAME = AccentColor;
				CODE_SIGN_STYLE = Automatic;
				DEVELOPMENT_TEAM = G5P3M2D27A;
				INFOPLIST_FILE = "TodoList(Homeowork15)/Supporting Files/Info.plist";
				LD_RUNPATH_SEARCH_PATHS = (
					"$(inherited)",
					"@executable_path/Frameworks",
				);
				PRODUCT_BUNDLE_IDENTIFIER = "com.appsite.TodoList-Homeowork15-";
				PRODUCT_NAME = "$(TARGET_NAME)";
				SWIFT_VERSION = 5.0;
				TARGETED_DEVICE_FAMILY = "1,2";
			};
			name = Debug;
		};
		74B708782837871E00F098D6 /* Release */ = {
			isa = XCBuildConfiguration;
			buildSettings = {
				ASSETCATALOG_COMPILER_APPICON_NAME = AppIcon;
				ASSETCATALOG_COMPILER_GLOBAL_ACCENT_COLOR_NAME = AccentColor;
				CODE_SIGN_STYLE = Automatic;
				DEVELOPMENT_TEAM = G5P3M2D27A;
				INFOPLIST_FILE = "TodoList(Homeowork15)/Supporting Files/Info.plist";
				LD_RUNPATH_SEARCH_PATHS = (
					"$(inherited)",
					"@executable_path/Frameworks",
				);
				PRODUCT_BUNDLE_IDENTIFIER = "com.appsite.TodoList-Homeowork15-";
				PRODUCT_NAME = "$(TARGET_NAME)";
				SWIFT_VERSION = 5.0;
				TARGETED_DEVICE_FAMILY = "1,2";
			};
			name = Release;
		};
/* End XCBuildConfiguration section */

/* Begin XCConfigurationList section */
		74B7085D2837871B00F098D6 /* Build configuration list for PBXProject "TodoList(Homeowork15)" */ = {
			isa = XCConfigurationList;
			buildConfigurations = (
				74B708742837871E00F098D6 /* Debug */,
				74B708752837871E00F098D6 /* Release */,
			);
			defaultConfigurationIsVisible = 0;
			defaultConfigurationName = Release;
		};
		74B708762837871E00F098D6 /* Build configuration list for PBXNativeTarget "TodoList(Homeowork15)" */ = {
			isa = XCConfigurationList;
			buildConfigurations = (
				74B708772837871E00F098D6 /* Debug */,
				74B708782837871E00F098D6 /* Release */,
			);
			defaultConfigurationIsVisible = 0;
			defaultConfigurationName = Release;
		};
/* End XCConfigurationList section */
	};
	rootObject = 74B7085A2837871B00F098D6 /* Project object */;
}
